
Microsoft Visual Studio Solution File, Format Version 12.00
# Visual Studio Version 16
VisualStudioVersion = 16.0.30907.101
MinimumVisualStudioVersion = 10.0.40219.1
Project("{9A19103F-16F7-4668-BE54-9A1E7A4F7556}") = "DataAccess", "DataAccess\DataAccess.csproj", "{0620D5B6-50CB-42DD-A07E-D37347F94541}"
EndProject
Project("{9A19103F-16F7-4668-BE54-9A1E7A4F7556}") = "Business", "Business\Business.csproj", "{DE90BD84-C63E-42D3-84EF-3FD3AAF385C5}"
EndProject
Project("{9A19103F-16F7-4668-BE54-9A1E7A4F7556}") = "Entities", "Entities\Entities.csproj", "{C5BF99F6-6BEF-4B40-819A-3659CA7637A9}"
EndProject
Project("{9A19103F-16F7-4668-BE54-9A1E7A4F7556}") = "ConsoleUI", "ConsoleUI\ConsoleUI.csproj", "{CEA5C215-CA01-4B90-90C7-DC95D2AE899F}"
EndProject
Project("{9A19103F-16F7-4668-BE54-9A1E7A4F7556}") = "Core", "Core\Core.csproj", "{C3699485-A568-43A1-ADE0-D8FF23F4B779}"
EndProject
Global
	GlobalSection(SolutionConfigurationPlatforms) = preSolution
		Debug|Any CPU = Debug|Any CPU
		Release|Any CPU = Release|Any CPU
	EndGlobalSection
	GlobalSection(ProjectConfigurationPlatforms) = postSolution
		{0620D5B6-50CB-42DD-A07E-D37347F94541}.Debug|Any CPU.ActiveCfg = Debug|Any CPU
		{0620D5B6-50CB-42DD-A07E-D37347F94541}.Debug|Any CPU.Build.0 = Debug|Any CPU
		{0620D5B6-50CB-42DD-A07E-D37347F94541}.Release|Any CPU.ActiveCfg = Release|Any CPU
		{0620D5B6-50CB-42DD-A07E-D37347F94541}.Release|Any CPU.Build.0 = Release|Any CPU
		{DE90BD84-C63E-42D3-84EF-3FD3AAF385C5}.Debug|Any CPU.ActiveCfg = Debug|Any CPU
		{DE90BD84-C63E-42D3-84EF-3FD3AAF385C5}.Debug|Any CPU.Build.0 = Debug|Any CPU
		{DE90BD84-C63E-42D3-84EF-3FD3AAF385C5}.Release|Any CPU.ActiveCfg = Release|Any CPU
		{DE90BD84-C63E-42D3-84EF-3FD3AAF385C5}.Release|Any CPU.Build.0 = Release|Any CPU
		{C5BF99F6-6BEF-4B40-819A-3659CA7637A9}.Debug|Any CPU.ActiveCfg = Debug|Any CPU
		{C5BF99F6-6BEF-4B40-819A-3659CA7637A9}.Debug|Any CPU.Build.0 = Debug|Any CPU
		{C5BF99F6-6BEF-4B40-819A-3659CA7637A9}.Release|Any CPU.ActiveCfg = Release|Any CPU
		{C5BF99F6-6BEF-4B40-819A-3659CA7637A9}.Release|Any CPU.Build.0 = Release|Any CPU
		{CEA5C215-CA01-4B90-90C7-DC95D2AE899F}.Debug|Any CPU.ActiveCfg = Debug|Any CPU
		{CEA5C215-CA01-4B90-90C7-DC95D2AE899F}.Debug|Any CPU.Build.0 = Debug|Any CPU
		{CEA5C215-CA01-4B90-90C7-DC95D2AE899F}.Release|Any CPU.ActiveCfg = Release|Any CPU
		{CEA5C215-CA01-4B90-90C7-DC95D2AE899F}.Release|Any CPU.Build.0 = Release|Any CPU
		{C3699485-A568-43A1-ADE0-D8FF23F4B779}.Debug|Any CPU.ActiveCfg = Debug|Any CPU
		{C3699485-A568-43A1-ADE0-D8FF23F4B779}.Debug|Any CPU.Build.0 = Debug|Any CPU
		{C3699485-A568-43A1-ADE0-D8FF23F4B779}.Release|Any CPU.ActiveCfg = Release|Any CPU
		{C3699485-A568-43A1-ADE0-D8FF23F4B779}.Release|Any CPU.Build.0 = Release|Any CPU
	EndGlobalSection
	GlobalSection(SolutionProperties) = preSolution
		HideSolutionNode = FALSE
	EndGlobalSection
	GlobalSection(ExtensibilityGlobals) = postSolution
		SolutionGuid = {E2DDDA6A-A582-43BA-8274-316112DFC528}
	EndGlobalSection
EndGlobal
